
Microsoft Visual Studio Solution File, Format Version 12.00
# Visual Studio Version 17
VisualStudioVersion = 17.1.32210.238
MinimumVisualStudioVersion = 10.0.40219.1
Project("{FAE04EC0-301F-11D3-BF4B-00C04F79EFBC}") = "Wavecell.Filters", "Wavecell.Filters\Wavecell.Filters.csproj", "{01340915-67FB-421A-BB2F-26B2CA3AD349}"
EndProject
Project("{FAE04EC0-301F-11D3-BF4B-00C04F79EFBC}") = "Wavecell.Filters.Tests", "Wavecell.Filters.Tests\Wavecell.Filters.Tests.csproj", "{BDC05781-015C-4A89-9F6F-8060581B0D8E}"
EndProject
Project("{FAE04EC0-301F-11D3-BF4B-00C04F79EFBC}") = "Wavecell.Filters.Performance", "Wavecell.Filters.Performance\Wavecell.Filters.Performance.csproj", "{8CCF6897-E323-4963-97EE-E08A5818BF45}"
EndProject
Global
	GlobalSection(SolutionConfigurationPlatforms) = preSolution
		Debug|Any CPU = Debug|Any CPU
		Release|Any CPU = Release|Any CPU
	EndGlobalSection
	GlobalSection(ProjectConfigurationPlatforms) = postSolution
		{01340915-67FB-421A-BB2F-26B2CA3AD349}.Debug|Any CPU.ActiveCfg = Debug|Any CPU
		{01340915-67FB-421A-BB2F-26B2CA3AD349}.Debug|Any CPU.Build.0 = Debug|Any CPU
		{01340915-67FB-421A-BB2F-26B2CA3AD349}.Release|Any CPU.ActiveCfg = Release|Any CPU
		{01340915-67FB-421A-BB2F-26B2CA3AD349}.Release|Any CPU.Build.0 = Release|Any CPU
		{BDC05781-015C-4A89-9F6F-8060581B0D8E}.Debug|Any CPU.ActiveCfg = Debug|Any CPU
		{BDC05781-015C-4A89-9F6F-8060581B0D8E}.Debug|Any CPU.Build.0 = Debug|Any CPU
		{BDC05781-015C-4A89-9F6F-8060581B0D8E}.Release|Any CPU.ActiveCfg = Release|Any CPU
		{BDC05781-015C-4A89-9F6F-8060581B0D8E}.Release|Any CPU.Build.0 = Release|Any CPU
		{8CCF6897-E323-4963-97EE-E08A5818BF45}.Debug|Any CPU.ActiveCfg = Debug|Any CPU
		{8CCF6897-E323-4963-97EE-E08A5818BF45}.Debug|Any CPU.Build.0 = Debug|Any CPU
		{8CCF6897-E323-4963-97EE-E08A5818BF45}.Release|Any CPU.ActiveCfg = Release|Any CPU
		{8CCF6897-E323-4963-97EE-E08A5818BF45}.Release|Any CPU.Build.0 = Release|Any CPU
	EndGlobalSection
	GlobalSection(SolutionProperties) = preSolution
		HideSolutionNode = FALSE
	EndGlobalSection
	GlobalSection(ExtensibilityGlobals) = postSolution
		SolutionGuid = {B9B19E06-7570-4373-952D-7756E90A0C43}
	EndGlobalSection
EndGlobal
